// !$*UTF8*$!
{
	archiveVersion = 1;
	classes = {
	};
	objectVersion = 55;
	objects = {

/* Begin PBXBuildFile section */
		A2236E4828CE2F2A007DA9A8 /* LandMarkApp.swift in Sources */ = {isa = PBXBuildFile; fileRef = A2236E4728CE2F2A007DA9A8 /* LandMarkApp.swift */; };
		A2236E4A28CE2F2A007DA9A8 /* ContentView.swift in Sources */ = {isa = PBXBuildFile; fileRef = A2236E4928CE2F2A007DA9A8 /* ContentView.swift */; };
		A2236E4C28CE2F2A007DA9A8 /* Assets.xcassets in Resources */ = {isa = PBXBuildFile; fileRef = A2236E4B28CE2F2A007DA9A8 /* Assets.xcassets */; };
		A2236E4F28CE2F2A007DA9A8 /* Preview Assets.xcassets in Resources */ = {isa = PBXBuildFile; fileRef = A2236E4E28CE2F2A007DA9A8 /* Preview Assets.xcassets */; };
		A2236E5628CE3359007DA9A8 /* CircleImage.swift in Sources */ = {isa = PBXBuildFile; fileRef = A2236E5528CE3359007DA9A8 /* CircleImage.swift */; };
		A2236E5828CE347F007DA9A8 /* MapView.swift in Sources */ = {isa = PBXBuildFile; fileRef = A2236E5728CE347F007DA9A8 /* MapView.swift */; };
		A2236E5A28CE3E67007DA9A8 /* landmarkData.json in Resources */ = {isa = PBXBuildFile; fileRef = A2236E5928CE3E67007DA9A8 /* landmarkData.json */; };
		A2236E5C28CE3E8F007DA9A8 /* Landmark.swift in Sources */ = {isa = PBXBuildFile; fileRef = A2236E5B28CE3E8F007DA9A8 /* Landmark.swift */; };
		A2236E5E28CE4016007DA9A8 /* ModelData.swift in Sources */ = {isa = PBXBuildFile; fileRef = A2236E5D28CE4016007DA9A8 /* ModelData.swift */; };
		A2236E6328CE429F007DA9A8 /* LandmarkRow.swift in Sources */ = {isa = PBXBuildFile; fileRef = A2236E6228CE429F007DA9A8 /* LandmarkRow.swift */; };
		A2236E6528CE4F22007DA9A8 /* LandmarkList.swift in Sources */ = {isa = PBXBuildFile; fileRef = A2236E6428CE4F22007DA9A8 /* LandmarkList.swift */; };
		A2236E6728CE5340007DA9A8 /* LandmarkDetail.swift in Sources */ = {isa = PBXBuildFile; fileRef = A2236E6628CE5340007DA9A8 /* LandmarkDetail.swift */; };
		A2236E6928CE65E9007DA9A8 /* FavoriteButton.swift in Sources */ = {isa = PBXBuildFile; fileRef = A2236E6828CE65E9007DA9A8 /* FavoriteButton.swift */; };
		A2236E6D28CE6AEA007DA9A8 /* HexagonParameters.swift in Sources */ = {isa = PBXBuildFile; fileRef = A2236E6C28CE6AEA007DA9A8 /* HexagonParameters.swift */; };
		A2236E6F28CE6C36007DA9A8 /* BadgeBackground.swift in Sources */ = {isa = PBXBuildFile; fileRef = A2236E6E28CE6C36007DA9A8 /* BadgeBackground.swift */; };
		A2236E7328CFBE37007DA9A8 /* RotatedBadgeSymbol.swift in Sources */ = {isa = PBXBuildFile; fileRef = A2236E7228CFBE37007DA9A8 /* RotatedBadgeSymbol.swift */; };
		A2236E7528CFBE94007DA9A8 /* BadgeSymbol.swift in Sources */ = {isa = PBXBuildFile; fileRef = A2236E7428CFBE94007DA9A8 /* BadgeSymbol.swift */; };
		A2236E7728CFBF28007DA9A8 /* Badge.swift in Sources */ = {isa = PBXBuildFile; fileRef = A2236E7628CFBF28007DA9A8 /* Badge.swift */; };
		A2236E7A28CFC7A8007DA9A8 /* hikeData.json in Resources */ = {isa = PBXBuildFile; fileRef = A2236E7928CFC7A8007DA9A8 /* hikeData.json */; };
		A2236E7C28CFC7CC007DA9A8 /* Hike.swift in Sources */ = {isa = PBXBuildFile; fileRef = A2236E7B28CFC7CC007DA9A8 /* Hike.swift */; };
		A26560DB28CFCC8E0095F74A /* HikeView.swift in Sources */ = {isa = PBXBuildFile; fileRef = A26560DA28CFCC8E0095F74A /* HikeView.swift */; };
		A26560DF28CFCC9F0095F74A /* HikeGraph.swift in Sources */ = {isa = PBXBuildFile; fileRef = A26560DC28CFCC9F0095F74A /* HikeGraph.swift */; };
		A26560E028CFCC9F0095F74A /* GraphCapsule.swift in Sources */ = {isa = PBXBuildFile; fileRef = A26560DD28CFCC9F0095F74A /* GraphCapsule.swift */; };
		A26560E128CFCC9F0095F74A /* HikeDetail.swift in Sources */ = {isa = PBXBuildFile; fileRef = A26560DE28CFCC9F0095F74A /* HikeDetail.swift */; };
		A26560E528D701160095F74A /* CategoryHome.swift in Sources */ = {isa = PBXBuildFile; fileRef = A26560E428D701160095F74A /* CategoryHome.swift */; };
		A26560E728D704000095F74A /* CategoryRow.swift in Sources */ = {isa = PBXBuildFile; fileRef = A26560E628D704000095F74A /* CategoryRow.swift */; };
		A26560E928D705850095F74A /* CategoryItem.swift in Sources */ = {isa = PBXBuildFile; fileRef = A26560E828D705850095F74A /* CategoryItem.swift */; };
		A26560EB28D710B90095F74A /* Profile.swift in Sources */ = {isa = PBXBuildFile; fileRef = A26560EA28D710B90095F74A /* Profile.swift */; };
		A26560EE28D711FB0095F74A /* ProfileHost.swift in Sources */ = {isa = PBXBuildFile; fileRef = A26560ED28D711FB0095F74A /* ProfileHost.swift */; };
		A26560F028D7127A0095F74A /* ProfileSummary.swift in Sources */ = {isa = PBXBuildFile; fileRef = A26560EF28D7127A0095F74A /* ProfileSummary.swift */; };
		A26560F228D715470095F74A /* HikeBage.swift in Sources */ = {isa = PBXBuildFile; fileRef = A26560F128D715470095F74A /* HikeBage.swift */; };
		A26560F428D71C2C0095F74A /* ProfileEditor.swift in Sources */ = {isa = PBXBuildFile; fileRef = A26560F328D71C2C0095F74A /* ProfileEditor.swift */; };
		A26560F728D75F7E0095F74A /* PageViewController.swift in Sources */ = {isa = PBXBuildFile; fileRef = A26560F628D75F7E0095F74A /* PageViewController.swift */; };
		A26560F928D762D10095F74A /* FeatureCard.swift in Sources */ = {isa = PBXBuildFile; fileRef = A26560F828D762D10095F74A /* FeatureCard.swift */; };
		A26560FB28D766830095F74A /* PageView.swift in Sources */ = {isa = PBXBuildFile; fileRef = A26560FA28D766830095F74A /* PageView.swift */; };
/* End PBXBuildFile section */

/* Begin PBXFileReference section */
		A2236E4428CE2F2A007DA9A8 /* LandMark.app */ = {isa = PBXFileReference; explicitFileType = wrapper.application; includeInIndex = 0; path = LandMark.app; sourceTree = BUILT_PRODUCTS_DIR; };
		A2236E4728CE2F2A007DA9A8 /* LandMarkApp.swift */ = {isa = PBXFileReference; lastKnownFileType = sourcecode.swift; path = LandMarkApp.swift; sourceTree = "<group>"; };
		A2236E4928CE2F2A007DA9A8 /* ContentView.swift */ = {isa = PBXFileReference; lastKnownFileType = sourcecode.swift; path = ContentView.swift; sourceTree = "<group>"; };
		A2236E4B28CE2F2A007DA9A8 /* Assets.xcassets */ = {isa = PBXFileReference; lastKnownFileType = folder.assetcatalog; path = Assets.xcassets; sourceTree = "<group>"; };
		A2236E4E28CE2F2A007DA9A8 /* Preview Assets.xcassets */ = {isa = PBXFileReference; lastKnownFileType = folder.assetcatalog; path = "Preview Assets.xcassets"; sourceTree = "<group>"; };
		A2236E5528CE3359007DA9A8 /* CircleImage.swift */ = {isa = PBXFileReference; lastKnownFileType = sourcecode.swift; path = CircleImage.swift; sourceTree = "<group>"; };
		A2236E5728CE347F007DA9A8 /* MapView.swift */ = {isa = PBXFileReference; lastKnownFileType = sourcecode.swift; path = MapView.swift; sourceTree = "<group>"; };
		A2236E5928CE3E67007DA9A8 /* landmarkData.json */ = {isa = PBXFileReference; fileEncoding = 4; lastKnownFileType = text.json; path = landmarkData.json; sourceTree = "<group>"; };
		A2236E5B28CE3E8F007DA9A8 /* Landmark.swift */ = {isa = PBXFileReference; lastKnownFileType = sourcecode.swift; path = Landmark.swift; sourceTree = "<group>"; };
		A2236E5D28CE4016007DA9A8 /* ModelData.swift */ = {isa = PBXFileReference; lastKnownFileType = sourcecode.swift; path = ModelData.swift; sourceTree = "<group>"; };
		A2236E6228CE429F007DA9A8 /* LandmarkRow.swift */ = {isa = PBXFileReference; lastKnownFileType = sourcecode.swift; path = LandmarkRow.swift; sourceTree = "<group>"; };
		A2236E6428CE4F22007DA9A8 /* LandmarkList.swift */ = {isa = PBXFileReference; lastKnownFileType = sourcecode.swift; path = LandmarkList.swift; sourceTree = "<group>"; };
		A2236E6628CE5340007DA9A8 /* LandmarkDetail.swift */ = {isa = PBXFileReference; lastKnownFileType = sourcecode.swift; path = LandmarkDetail.swift; sourceTree = "<group>"; };
		A2236E6828CE65E9007DA9A8 /* FavoriteButton.swift */ = {isa = PBXFileReference; lastKnownFileType = sourcecode.swift; path = FavoriteButton.swift; sourceTree = "<group>"; };
		A2236E6C28CE6AEA007DA9A8 /* HexagonParameters.swift */ = {isa = PBXFileReference; lastKnownFileType = sourcecode.swift; path = HexagonParameters.swift; sourceTree = "<group>"; };
		A2236E6E28CE6C36007DA9A8 /* BadgeBackground.swift */ = {isa = PBXFileReference; lastKnownFileType = sourcecode.swift; path = BadgeBackground.swift; sourceTree = "<group>"; };
		A2236E7228CFBE37007DA9A8 /* RotatedBadgeSymbol.swift */ = {isa = PBXFileReference; lastKnownFileType = sourcecode.swift; path = RotatedBadgeSymbol.swift; sourceTree = "<group>"; };
		A2236E7428CFBE94007DA9A8 /* BadgeSymbol.swift */ = {isa = PBXFileReference; lastKnownFileType = sourcecode.swift; path = BadgeSymbol.swift; sourceTree = "<group>"; };
		A2236E7628CFBF28007DA9A8 /* Badge.swift */ = {isa = PBXFileReference; lastKnownFileType = sourcecode.swift; path = Badge.swift; sourceTree = "<group>"; };
		A2236E7928CFC7A8007DA9A8 /* hikeData.json */ = {isa = PBXFileReference; fileEncoding = 4; lastKnownFileType = text.json; path = hikeData.json; sourceTree = "<group>"; };
		A2236E7B28CFC7CC007DA9A8 /* Hike.swift */ = {isa = PBXFileReference; lastKnownFileType = sourcecode.swift; path = Hike.swift; sourceTree = "<group>"; };
		A26560DA28CFCC8E0095F74A /* HikeView.swift */ = {isa = PBXFileReference; lastKnownFileType = sourcecode.swift; path = HikeView.swift; sourceTree = "<group>"; };
		A26560DC28CFCC9F0095F74A /* HikeGraph.swift */ = {isa = PBXFileReference; lastKnownFileType = sourcecode.swift; path = HikeGraph.swift; sourceTree = "<group>"; };
		A26560DD28CFCC9F0095F74A /* GraphCapsule.swift */ = {isa = PBXFileReference; lastKnownFileType = sourcecode.swift; path = GraphCapsule.swift; sourceTree = "<group>"; };
		A26560DE28CFCC9F0095F74A /* HikeDetail.swift */ = {isa = PBXFileReference; lastKnownFileType = sourcecode.swift; path = HikeDetail.swift; sourceTree = "<group>"; };
		A26560E428D701160095F74A /* CategoryHome.swift */ = {isa = PBXFileReference; lastKnownFileType = sourcecode.swift; path = CategoryHome.swift; sourceTree = "<group>"; };
		A26560E628D704000095F74A /* CategoryRow.swift */ = {isa = PBXFileReference; lastKnownFileType = sourcecode.swift; path = CategoryRow.swift; sourceTree = "<group>"; };
		A26560E828D705850095F74A /* CategoryItem.swift */ = {isa = PBXFileReference; lastKnownFileType = sourcecode.swift; path = CategoryItem.swift; sourceTree = "<group>"; };
		A26560EA28D710B90095F74A /* Profile.swift */ = {isa = PBXFileReference; lastKnownFileType = sourcecode.swift; path = Profile.swift; sourceTree = "<group>"; };
		A26560ED28D711FB0095F74A /* ProfileHost.swift */ = {isa = PBXFileReference; lastKnownFileType = sourcecode.swift; path = ProfileHost.swift; sourceTree = "<group>"; };
		A26560EF28D7127A0095F74A /* ProfileSummary.swift */ = {isa = PBXFileReference; lastKnownFileType = sourcecode.swift; path = ProfileSummary.swift; sourceTree = "<group>"; };
		A26560F128D715470095F74A /* HikeBage.swift */ = {isa = PBXFileReference; lastKnownFileType = sourcecode.swift; path = HikeBage.swift; sourceTree = "<group>"; };
		A26560F328D71C2C0095F74A /* ProfileEditor.swift */ = {isa = PBXFileReference; lastKnownFileType = sourcecode.swift; path = ProfileEditor.swift; sourceTree = "<group>"; };
		A26560F628D75F7E0095F74A /* PageViewController.swift */ = {isa = PBXFileReference; lastKnownFileType = sourcecode.swift; path = PageViewController.swift; sourceTree = "<group>"; };
		A26560F828D762D10095F74A /* FeatureCard.swift */ = {isa = PBXFileReference; lastKnownFileType = sourcecode.swift; path = FeatureCard.swift; sourceTree = "<group>"; };
		A26560FA28D766830095F74A /* PageView.swift */ = {isa = PBXFileReference; lastKnownFileType = sourcecode.swift; path = PageView.swift; sourceTree = "<group>"; };
/* End PBXFileReference section */

/* Begin PBXFrameworksBuildPhase section */
		A2236E4128CE2F2A007DA9A8 /* Frameworks */ = {
			isa = PBXFrameworksBuildPhase;
			buildActionMask = 2147483647;
			files = (
			);
			runOnlyForDeploymentPostprocessing = 0;
		};
/* End PBXFrameworksBuildPhase section */

/* Begin PBXGroup section */
		A2236E3B28CE2F2A007DA9A8 = {
			isa = PBXGroup;
			children = (
				A2236E6128CE41A4007DA9A8 /* Resources */,
				A2236E6028CE4189007DA9A8 /* Model */,
				A2236E5F28CE415F007DA9A8 /* Views */,
				A2236E4628CE2F2A007DA9A8 /* LandMark */,
				A2236E4528CE2F2A007DA9A8 /* Products */,
			);
			sourceTree = "<group>";
		};
		A2236E4528CE2F2A007DA9A8 /* Products */ = {
			isa = PBXGroup;
			children = (
				A2236E4428CE2F2A007DA9A8 /* LandMark.app */,
			);
			name = Products;
			sourceTree = "<group>";
		};
		A2236E4628CE2F2A007DA9A8 /* LandMark */ = {
			isa = PBXGroup;
			children = (
				A2236E4728CE2F2A007DA9A8 /* LandMarkApp.swift */,
				A2236E4B28CE2F2A007DA9A8 /* Assets.xcassets */,
				A2236E4D28CE2F2A007DA9A8 /* Preview Content */,
			);
			path = LandMark;
			sourceTree = "<group>";
		};
		A2236E4D28CE2F2A007DA9A8 /* Preview Content */ = {
			isa = PBXGroup;
			children = (
				A2236E4E28CE2F2A007DA9A8 /* Preview Assets.xcassets */,
			);
			path = "Preview Content";
			sourceTree = "<group>";
		};
		A2236E5F28CE415F007DA9A8 /* Views */ = {
			isa = PBXGroup;
			children = (
				A26560F528D75F5E0095F74A /* PageView */,
				A26560EC28D711E40095F74A /* Profiles */,
				A26560E328D701010095F74A /* Categories */,
				A26560E228CFCCB90095F74A /* Hikes */,
				A2236E7828CFC0B5007DA9A8 /* Badges */,
				A2236E6B28CE6782007DA9A8 /* Helpers */,
				A2236E6A28CE6760007DA9A8 /* Landmarks */,
				A2236E6C28CE6AEA007DA9A8 /* HexagonParameters.swift */,
			);
			path = Views;
			sourceTree = "<group>";
		};
		A2236E6028CE4189007DA9A8 /* Model */ = {
			isa = PBXGroup;
			children = (
				A2236E5D28CE4016007DA9A8 /* ModelData.swift */,
				A2236E5B28CE3E8F007DA9A8 /* Landmark.swift */,
				A2236E7B28CFC7CC007DA9A8 /* Hike.swift */,
				A26560EA28D710B90095F74A /* Profile.swift */,
			);
			path = Model;
			sourceTree = "<group>";
		};
		A2236E6128CE41A4007DA9A8 /* Resources */ = {
			isa = PBXGroup;
			children = (
				A2236E7928CFC7A8007DA9A8 /* hikeData.json */,
				A2236E5928CE3E67007DA9A8 /* landmarkData.json */,
			);
			path = Resources;
			sourceTree = "<group>";
		};
		A2236E6A28CE6760007DA9A8 /* Landmarks */ = {
			isa = PBXGroup;
			children = (
				A2236E6428CE4F22007DA9A8 /* LandmarkList.swift */,
				A2236E6628CE5340007DA9A8 /* LandmarkDetail.swift */,
				A2236E6228CE429F007DA9A8 /* LandmarkRow.swift */,
				A26560F828D762D10095F74A /* FeatureCard.swift */,
			);
			path = Landmarks;
			sourceTree = "<group>";
		};
		A2236E6B28CE6782007DA9A8 /* Helpers */ = {
			isa = PBXGroup;
			children = (
				A2236E5528CE3359007DA9A8 /* CircleImage.swift */,
				A2236E6828CE65E9007DA9A8 /* FavoriteButton.swift */,
				A2236E4928CE2F2A007DA9A8 /* ContentView.swift */,
				A2236E5728CE347F007DA9A8 /* MapView.swift */,
			);
			path = Helpers;
			sourceTree = "<group>";
		};
		A2236E7828CFC0B5007DA9A8 /* Badges */ = {
			isa = PBXGroup;
			children = (
				A2236E6E28CE6C36007DA9A8 /* BadgeBackground.swift */,
				A2236E7228CFBE37007DA9A8 /* RotatedBadgeSymbol.swift */,
				A2236E7428CFBE94007DA9A8 /* BadgeSymbol.swift */,
				A2236E7628CFBF28007DA9A8 /* Badge.swift */,
			);
			path = Badges;
			sourceTree = "<group>";
		};
		A26560E228CFCCB90095F74A /* Hikes */ = {
			isa = PBXGroup;
			children = (
				A26560DA28CFCC8E0095F74A /* HikeView.swift */,
				A26560DD28CFCC9F0095F74A /* GraphCapsule.swift */,
				A26560DE28CFCC9F0095F74A /* HikeDetail.swift */,
				A26560DC28CFCC9F0095F74A /* HikeGraph.swift */,
				A26560F128D715470095F74A /* HikeBage.swift */,
			);
			path = Hikes;
			sourceTree = "<group>";
		};
		A26560E328D701010095F74A /* Categories */ = {
			isa = PBXGroup;
			children = (
				A26560E428D701160095F74A /* CategoryHome.swift */,
				A26560E628D704000095F74A /* CategoryRow.swift */,
				A26560E828D705850095F74A /* CategoryItem.swift */,
			);
			path = Categories;
			sourceTree = "<group>";
		};
		A26560EC28D711E40095F74A /* Profiles */ = {
			isa = PBXGroup;
			children = (
				A26560ED28D711FB0095F74A /* ProfileHost.swift */,
				A26560EF28D7127A0095F74A /* ProfileSummary.swift */,
				A26560F328D71C2C0095F74A /* ProfileEditor.swift */,
			);
			path = Profiles;
			sourceTree = "<group>";
		};
		A26560F528D75F5E0095F74A /* PageView */ = {
			isa = PBXGroup;
			children = (
				A26560F628D75F7E0095F74A /* PageViewController.swift */,
				A26560FA28D766830095F74A /* PageView.swift */,
			);
			path = PageView;
			sourceTree = "<group>";
		};
/* End PBXGroup section */

/* Begin PBXNativeTarget section */
		A2236E4328CE2F2A007DA9A8 /* LandMark */ = {
			isa = PBXNativeTarget;
			buildConfigurationList = A2236E5228CE2F2A007DA9A8 /* Build configuration list for PBXNativeTarget "LandMark" */;
			buildPhases = (
				A2236E4028CE2F2A007DA9A8 /* Sources */,
				A2236E4128CE2F2A007DA9A8 /* Frameworks */,
				A2236E4228CE2F2A007DA9A8 /* Resources */,
			);
			buildRules = (
			);
			dependencies = (
			);
			name = LandMark;
			productName = LandMark;
			productReference = A2236E4428CE2F2A007DA9A8 /* LandMark.app */;
			productType = "com.apple.product-type.application";
		};
/* End PBXNativeTarget section */

/* Begin PBXProject section */
		A2236E3C28CE2F2A007DA9A8 /* Project object */ = {
			isa = PBXProject;
			attributes = {
				BuildIndependentTargetsInParallel = 1;
				LastSwiftUpdateCheck = 1340;
				LastUpgradeCheck = 1340;
				TargetAttributes = {
					A2236E4328CE2F2A007DA9A8 = {
						CreatedOnToolsVersion = 13.4.1;
					};
				};
			};
			buildConfigurationList = A2236E3F28CE2F2A007DA9A8 /* Build configuration list for PBXProject "LandMark" */;
			compatibilityVersion = "Xcode 13.0";
			developmentRegion = en;
			hasScannedForEncodings = 0;
			knownRegions = (
				en,
				Base,
			);
			mainGroup = A2236E3B28CE2F2A007DA9A8;
			productRefGroup = A2236E4528CE2F2A007DA9A8 /* Products */;
			projectDirPath = "";
			projectRoot = "";
			targets = (
				A2236E4328CE2F2A007DA9A8 /* LandMark */,
			);
		};
/* End PBXProject section */

/* Begin PBXResourcesBuildPhase section */
		A2236E4228CE2F2A007DA9A8 /* Resources */ = {
			isa = PBXResourcesBuildPhase;
			buildActionMask = 2147483647;
			files = (
				A2236E7A28CFC7A8007DA9A8 /* hikeData.json in Resources */,
				A2236E4F28CE2F2A007DA9A8 /* Preview Assets.xcassets in Resources */,
				A2236E4C28CE2F2A007DA9A8 /* Assets.xcassets in Resources */,
				A2236E5A28CE3E67007DA9A8 /* landmarkData.json in Resources */,
			);
			runOnlyForDeploymentPostprocessing = 0;
		};
/* End PBXResourcesBuildPhase section */

/* Begin PBXSourcesBuildPhase section */
		A2236E4028CE2F2A007DA9A8 /* Sources */ = {
			isa = PBXSourcesBuildPhase;
			buildActionMask = 2147483647;
			files = (
				A26560E728D704000095F74A /* CategoryRow.swift in Sources */,
				A26560EB28D710B90095F74A /* Profile.swift in Sources */,
				A2236E4A28CE2F2A007DA9A8 /* ContentView.swift in Sources */,
				A26560E528D701160095F74A /* CategoryHome.swift in Sources */,
				A26560F928D762D10095F74A /* FeatureCard.swift in Sources */,
				A26560DF28CFCC9F0095F74A /* HikeGraph.swift in Sources */,
				A2236E7728CFBF28007DA9A8 /* Badge.swift in Sources */,
				A2236E5C28CE3E8F007DA9A8 /* Landmark.swift in Sources */,
				A2236E5828CE347F007DA9A8 /* MapView.swift in Sources */,
				A2236E6928CE65E9007DA9A8 /* FavoriteButton.swift in Sources */,
				A26560DB28CFCC8E0095F74A /* HikeView.swift in Sources */,
				A26560E928D705850095F74A /* CategoryItem.swift in Sources */,
				A26560F228D715470095F74A /* HikeBage.swift in Sources */,
				A2236E6D28CE6AEA007DA9A8 /* HexagonParameters.swift in Sources */,
				A26560F028D7127A0095F74A /* ProfileSummary.swift in Sources */,
				A2236E7C28CFC7CC007DA9A8 /* Hike.swift in Sources */,
				A26560EE28D711FB0095F74A /* ProfileHost.swift in Sources */,
				A2236E7328CFBE37007DA9A8 /* RotatedBadgeSymbol.swift in Sources */,
				A26560FB28D766830095F74A /* PageView.swift in Sources */,
				A2236E6528CE4F22007DA9A8 /* LandmarkList.swift in Sources */,
				A26560F428D71C2C0095F74A /* ProfileEditor.swift in Sources */,
				A2236E7528CFBE94007DA9A8 /* BadgeSymbol.swift in Sources */,
				A2236E6728CE5340007DA9A8 /* LandmarkDetail.swift in Sources */,
				A2236E6F28CE6C36007DA9A8 /* BadgeBackground.swift in Sources */,
				A26560F728D75F7E0095F74A /* PageViewController.swift in Sources */,
				A2236E4828CE2F2A007DA9A8 /* LandMarkApp.swift in Sources */,
				A2236E5628CE3359007DA9A8 /* CircleImage.swift in Sources */,
				A2236E6328CE429F007DA9A8 /* LandmarkRow.swift in Sources */,
				A26560E028CFCC9F0095F74A /* GraphCapsule.swift in Sources */,
				A2236E5E28CE4016007DA9A8 /* ModelData.swift in Sources */,
				A26560E128CFCC9F0095F74A /* HikeDetail.swift in Sources */,
			);
			runOnlyForDeploymentPostprocessing = 0;
		};
/* End PBXSourcesBuildPhase section */

/* Begin XCBuildConfiguration section */
		A2236E5028CE2F2A007DA9A8 /* Debug */ = {
			isa = XCBuildConfiguration;
			buildSettings = {
				ALWAYS_SEARCH_USER_PATHS = NO;
				CLANG_ANALYZER_NONNULL = YES;
				CLANG_ANALYZER_NUMBER_OBJECT_CONVERSION = YES_AGGRESSIVE;
				CLANG_CXX_LANGUAGE_STANDARD = "gnu++17";
				CLANG_ENABLE_MODULES = YES;
				CLANG_ENABLE_OBJC_ARC = YES;
				CLANG_ENABLE_OBJC_WEAK = YES;
				CLANG_WARN_BLOCK_CAPTURE_AUTORELEASING = YES;
				CLANG_WARN_BOOL_CONVERSION = YES;
				CLANG_WARN_COMMA = YES;
				CLANG_WARN_CONSTANT_CONVERSION = YES;
				CLANG_WARN_DEPRECATED_OBJC_IMPLEMENTATIONS = YES;
				CLANG_WARN_DIRECT_OBJC_ISA_USAGE = YES_ERROR;
				CLANG_WARN_DOCUMENTATION_COMMENTS = YES;
				CLANG_WARN_EMPTY_BODY = YES;
				CLANG_WARN_ENUM_CONVERSION = YES;
				CLANG_WARN_INFINITE_RECURSION = YES;
				CLANG_WARN_INT_CONVERSION = YES;
				CLANG_WARN_NON_LITERAL_NULL_CONVERSION = YES;
				CLANG_WARN_OBJC_IMPLICIT_RETAIN_SELF = YES;
				CLANG_WARN_OBJC_LITERAL_CONVERSION = YES;
				CLANG_WARN_OBJC_ROOT_CLASS = YES_ERROR;
				CLANG_WARN_QUOTED_INCLUDE_IN_FRAMEWORK_HEADER = YES;
				CLANG_WARN_RANGE_LOOP_ANALYSIS = YES;
				CLANG_WARN_STRICT_PROTOTYPES = YES;
				CLANG_WARN_SUSPICIOUS_MOVE = YES;
				CLANG_WARN_UNGUARDED_AVAILABILITY = YES_AGGRESSIVE;
				CLANG_WARN_UNREACHABLE_CODE = YES;
				CLANG_WARN__DUPLICATE_METHOD_MATCH = YES;
				COPY_PHASE_STRIP = NO;
				DEBUG_INFORMATION_FORMAT = dwarf;
				ENABLE_STRICT_OBJC_MSGSEND = YES;
				ENABLE_TESTABILITY = YES;
				GCC_C_LANGUAGE_STANDARD = gnu11;
				GCC_DYNAMIC_NO_PIC = NO;
				GCC_NO_COMMON_BLOCKS = YES;
				GCC_OPTIMIZATION_LEVEL = 0;
				GCC_PREPROCESSOR_DEFINITIONS = (
					"DEBUG=1",
					"$(inherited)",
				);
				GCC_WARN_64_TO_32_BIT_CONVERSION = YES;
				GCC_WARN_ABOUT_RETURN_TYPE = YES_ERROR;
				GCC_WARN_UNDECLARED_SELECTOR = YES;
				GCC_WARN_UNINITIALIZED_AUTOS = YES_AGGRESSIVE;
				GCC_WARN_UNUSED_FUNCTION = YES;
				GCC_WARN_UNUSED_VARIABLE = YES;
				IPHONEOS_DEPLOYMENT_TARGET = 15.5;
				MTL_ENABLE_DEBUG_INFO = INCLUDE_SOURCE;
				MTL_FAST_MATH = YES;
				ONLY_ACTIVE_ARCH = YES;
				SDKROOT = iphoneos;
				SWIFT_ACTIVE_COMPILATION_CONDITIONS = DEBUG;
				SWIFT_OPTIMIZATION_LEVEL = "-Onone";
			};
			name = Debug;
		};
		A2236E5128CE2F2A007DA9A8 /* Release */ = {
			isa = XCBuildConfiguration;
			buildSettings = {
				ALWAYS_SEARCH_USER_PATHS = NO;
				CLANG_ANALYZER_NONNULL = YES;
				CLANG_ANALYZER_NUMBER_OBJECT_CONVERSION = YES_AGGRESSIVE;
				CLANG_CXX_LANGUAGE_STANDARD = "gnu++17";
				CLANG_ENABLE_MODULES = YES;
				CLANG_ENABLE_OBJC_ARC = YES;
				CLANG_ENABLE_OBJC_WEAK = YES;
				CLANG_WARN_BLOCK_CAPTURE_AUTORELEASING = YES;
				CLANG_WARN_BOOL_CONVERSION = YES;
				CLANG_WARN_COMMA = YES;
				CLANG_WARN_CONSTANT_CONVERSION = YES;
				CLANG_WARN_DEPRECATED_OBJC_IMPLEMENTATIONS = YES;
				CLANG_WARN_DIRECT_OBJC_ISA_USAGE = YES_ERROR;
				CLANG_WARN_DOCUMENTATION_COMMENTS = YES;
				CLANG_WARN_EMPTY_BODY = YES;
				CLANG_WARN_ENUM_CONVERSION = YES;
				CLANG_WARN_INFINITE_RECURSION = YES;
				CLANG_WARN_INT_CONVERSION = YES;
				CLANG_WARN_NON_LITERAL_NULL_CONVERSION = YES;
				CLANG_WARN_OBJC_IMPLICIT_RETAIN_SELF = YES;
				CLANG_WARN_OBJC_LITERAL_CONVERSION = YES;
				CLANG_WARN_OBJC_ROOT_CLASS = YES_ERROR;
				CLANG_WARN_QUOTED_INCLUDE_IN_FRAMEWORK_HEADER = YES;
				CLANG_WARN_RANGE_LOOP_ANALYSIS = YES;
				CLANG_WARN_STRICT_PROTOTYPES = YES;
				CLANG_WARN_SUSPICIOUS_MOVE = YES;
				CLANG_WARN_UNGUARDED_AVAILABILITY = YES_AGGRESSIVE;
				CLANG_WARN_UNREACHABLE_CODE = YES;
				CLANG_WARN__DUPLICATE_METHOD_MATCH = YES;
				COPY_PHASE_STRIP = NO;
				DEBUG_INFORMATION_FORMAT = "dwarf-with-dsym";
				ENABLE_NS_ASSERTIONS = NO;
				ENABLE_STRICT_OBJC_MSGSEND = YES;
				GCC_C_LANGUAGE_STANDARD = gnu11;
				GCC_NO_COMMON_BLOCKS = YES;
				GCC_WARN_64_TO_32_BIT_CONVERSION = YES;
				GCC_WARN_ABOUT_RETURN_TYPE = YES_ERROR;
				GCC_WARN_UNDECLARED_SELECTOR = YES;
				GCC_WARN_UNINITIALIZED_AUTOS = YES_AGGRESSIVE;
				GCC_WARN_UNUSED_FUNCTION = YES;
				GCC_WARN_UNUSED_VARIABLE = YES;
				IPHONEOS_DEPLOYMENT_TARGET = 15.5;
				MTL_ENABLE_DEBUG_INFO = NO;
				MTL_FAST_MATH = YES;
				SDKROOT = iphoneos;
				SWIFT_COMPILATION_MODE = wholemodule;
				SWIFT_OPTIMIZATION_LEVEL = "-O";
				VALIDATE_PRODUCT = YES;
			};
			name = Release;
		};
		A2236E5328CE2F2A007DA9A8 /* Debug */ = {
			isa = XCBuildConfiguration;
			buildSettings = {
				ASSETCATALOG_COMPILER_APPICON_NAME = AppIcon;
				ASSETCATALOG_COMPILER_GLOBAL_ACCENT_COLOR_NAME = AccentColor;
				CODE_SIGN_STYLE = Automatic;
				CURRENT_PROJECT_VERSION = 1;
				DEVELOPMENT_ASSET_PATHS = "\"LandMark/Preview Content\"";
				ENABLE_PREVIEWS = YES;
				GENERATE_INFOPLIST_FILE = YES;
				INFOPLIST_KEY_UIApplicationSceneManifest_Generation = YES;
				INFOPLIST_KEY_UIApplicationSupportsIndirectInputEvents = YES;
				INFOPLIST_KEY_UILaunchScreen_Generation = YES;
				INFOPLIST_KEY_UISupportedInterfaceOrientations_iPad = "UIInterfaceOrientationPortrait UIInterfaceOrientationPortraitUpsideDown UIInterfaceOrientationLandscapeLeft UIInterfaceOrientationLandscapeRight";
				INFOPLIST_KEY_UISupportedInterfaceOrientations_iPhone = "UIInterfaceOrientationPortrait UIInterfaceOrientationLandscapeLeft UIInterfaceOrientationLandscapeRight";
				LD_RUNPATH_SEARCH_PATHS = (
					"$(inherited)",
					"@executable_path/Frameworks",
				);
				MARKETING_VERSION = 1.0;
				PRODUCT_BUNDLE_IDENTIFIER = linvle.LandMark;
				PRODUCT_NAME = "$(TARGET_NAME)";
				SWIFT_EMIT_LOC_STRINGS = YES;
				SWIFT_VERSION = 5.0;
				TARGETED_DEVICE_FAMILY = "1,2";
			};
			name = Debug;
		};
		A2236E5428CE2F2A007DA9A8 /* Release */ = {
			isa = XCBuildConfiguration;
			buildSettings = {
				ASSETCATALOG_COMPILER_APPICON_NAME = AppIcon;
				ASSETCATALOG_COMPILER_GLOBAL_ACCENT_COLOR_NAME = AccentColor;
				CODE_SIGN_STYLE = Automatic;
				CURRENT_PROJECT_VERSION = 1;
				DEVELOPMENT_ASSET_PATHS = "\"LandMark/Preview Content\"";
				ENABLE_PREVIEWS = YES;
				GENERATE_INFOPLIST_FILE = YES;
				INFOPLIST_KEY_UIApplicationSceneManifest_Generation = YES;
				INFOPLIST_KEY_UIApplicationSupportsIndirectInputEvents = YES;
				INFOPLIST_KEY_UILaunchScreen_Generation = YES;
				INFOPLIST_KEY_UISupportedInterfaceOrientations_iPad = "UIInterfaceOrientationPortrait UIInterfaceOrientationPortraitUpsideDown UIInterfaceOrientationLandscapeLeft UIInterfaceOrientationLandscapeRight";
				INFOPLIST_KEY_UISupportedInterfaceOrientations_iPhone = "UIInterfaceOrientationPortrait UIInterfaceOrientationLandscapeLeft UIInterfaceOrientationLandscapeRight";
				LD_RUNPATH_SEARCH_PATHS = (
					"$(inherited)",
					"@executable_path/Frameworks",
				);
				MARKETING_VERSION = 1.0;
				PRODUCT_BUNDLE_IDENTIFIER = linvle.LandMark;
				PRODUCT_NAME = "$(TARGET_NAME)";
				SWIFT_EMIT_LOC_STRINGS = YES;
				SWIFT_VERSION = 5.0;
				TARGETED_DEVICE_FAMILY = "1,2";
			};
			name = Release;
		};
/* End XCBuildConfiguration section */

/* Begin XCConfigurationList section */
		A2236E3F28CE2F2A007DA9A8 /* Build configuration list for PBXProject "LandMark" */ = {
			isa = XCConfigurationList;
			buildConfigurations = (
				A2236E5028CE2F2A007DA9A8 /* Debug */,
				A2236E5128CE2F2A007DA9A8 /* Release */,
			);
			defaultConfigurationIsVisible = 0;
			defaultConfigurationName = Release;
		};
		A2236E5228CE2F2A007DA9A8 /* Build configuration list for PBXNativeTarget "LandMark" */ = {
			isa = XCConfigurationList;
			buildConfigurations = (
				A2236E5328CE2F2A007DA9A8 /* Debug */,
				A2236E5428CE2F2A007DA9A8 /* Release */,
			);
			defaultConfigurationIsVisible = 0;
			defaultConfigurationName = Release;
		};
/* End XCConfigurationList section */
	};
	rootObject = A2236E3C28CE2F2A007DA9A8 /* Project object */;
}
